
Microsoft Visual Studio Solution File, Format Version 12.00
# Visual Studio 15
VisualStudioVersion = 15.0.28307.852
MinimumVisualStudioVersion = 10.0.40219.1
Project("{FAE04EC0-301F-11D3-BF4B-00C04F79EFBC}") = "SilverHunterMod", "SilverHunterMod\SilverHunterMod.csproj", "{BCA6526B-B63E-4C79-8DA3-4F8399343F8D}"
EndProject
Global
	GlobalSection(SolutionConfigurationPlatforms) = preSolution
		Debug|Any CPU = Debug|Any CPU
		Release|Any CPU = Release|Any CPU
	EndGlobalSection
	GlobalSection(ProjectConfigurationPlatforms) = postSolution
		{BCA6526B-B63E-4C79-8DA3-4F8399343F8D}.Debug|Any CPU.ActiveCfg = Debug|Any CPU
		{BCA6526B-B63E-4C79-8DA3-4F8399343F8D}.Debug|Any CPU.Build.0 = Debug|Any CPU
		{BCA6526B-B63E-4C79-8DA3-4F8399343F8D}.Release|Any CPU.ActiveCfg = Release|Any CPU
		{BCA6526B-B63E-4C79-8DA3-4F8399343F8D}.Release|Any CPU.Build.0 = Release|Any CPU
	EndGlobalSection
	GlobalSection(SolutionProperties) = preSolution
		HideSolutionNode = FALSE
	EndGlobalSection
	GlobalSection(ExtensibilityGlobals) = postSolution
		SolutionGuid = {08FB106D-8891-4D81-A451-A32081F5323D}
	EndGlobalSection
EndGlobal
